
Microsoft Visual Studio Solution File, Format Version 12.00
# Visual Studio 15
VisualStudioVersion = 15.0.28307.489
MinimumVisualStudioVersion = 10.0.40219.1
Project("{FAE04EC0-301F-11D3-BF4B-00C04F79EFBC}") = "SpearSoft.PingHost.Ping", "Ping\SpearSoft.PingHost.Ping.csproj", "{12F11A38-371B-420F-BF7D-85C4487105F3}"
EndProject
Global
	GlobalSection(SolutionConfigurationPlatforms) = preSolution
		Debug|Any CPU = Debug|Any CPU
		Release|Any CPU = Release|Any CPU
	EndGlobalSection
	GlobalSection(ProjectConfigurationPlatforms) = postSolution
		{12F11A38-371B-420F-BF7D-85C4487105F3}.Debug|Any CPU.ActiveCfg = Debug|Any CPU
		{12F11A38-371B-420F-BF7D-85C4487105F3}.Debug|Any CPU.Build.0 = Debug|Any CPU
		{12F11A38-371B-420F-BF7D-85C4487105F3}.Release|Any CPU.ActiveCfg = Release|Any CPU
		{12F11A38-371B-420F-BF7D-85C4487105F3}.Release|Any CPU.Build.0 = Release|Any CPU
	EndGlobalSection
	GlobalSection(SolutionProperties) = preSolution
		HideSolutionNode = FALSE
	EndGlobalSection
	GlobalSection(ExtensibilityGlobals) = postSolution
		SolutionGuid = {C2CE50CF-AEC4-4DF3-8D44-8DB5B9B6981A}
	EndGlobalSection
EndGlobal
